
Microsoft Visual Studio Solution File, Format Version 12.00
# Visual Studio 15
VisualStudioVersion = 15.0.28307.329
MinimumVisualStudioVersion = 10.0.40219.1
Project("{FAE04EC0-301F-11D3-BF4B-00C04F79EFBC}") = "TraCuuThongBaoPhatHanh", "TraCuuThongBaoPhatHanh\TraCuuThongBaoPhatHanh.csproj", "{FF3AFD7C-02CE-4DE7-BCB7-2226B8D8DB47}"
EndProject
Project("{FAE04EC0-301F-11D3-BF4B-00C04F79EFBC}") = "AutoUpdater.NET", "AutoUpdater.NET\AutoUpdater.NET.csproj", "{FB9E7E6B-B19F-4F37-A708-2996190CEF13}"
EndProject
Project("{FAE04EC0-301F-11D3-BF4B-00C04F79EFBC}") = "ZipExtractor", "ZipExtractor\ZipExtractor.csproj", "{91DE558C-6DB8-429B-A069-C0491DCFF15B}"
EndProject
Global
	GlobalSection(SolutionConfigurationPlatforms) = preSolution
		Debug|Any CPU = Debug|Any CPU
		Debug-NET35|Any CPU = Debug-NET35|Any CPU
		Debug-NET40|Any CPU = Debug-NET40|Any CPU
		Release|Any CPU = Release|Any CPU
		Release-NET35|Any CPU = Release-NET35|Any CPU
		Release-NET40|Any CPU = Release-NET40|Any CPU
	EndGlobalSection
	GlobalSection(ProjectConfigurationPlatforms) = postSolution
		{FF3AFD7C-02CE-4DE7-BCB7-2226B8D8DB47}.Debug|Any CPU.ActiveCfg = Debug|Any CPU
		{FF3AFD7C-02CE-4DE7-BCB7-2226B8D8DB47}.Debug|Any CPU.Build.0 = Debug|Any CPU
		{FF3AFD7C-02CE-4DE7-BCB7-2226B8D8DB47}.Debug-NET35|Any CPU.ActiveCfg = Debug|Any CPU
		{FF3AFD7C-02CE-4DE7-BCB7-2226B8D8DB47}.Debug-NET35|Any CPU.Build.0 = Debug|Any CPU
		{FF3AFD7C-02CE-4DE7-BCB7-2226B8D8DB47}.Debug-NET40|Any CPU.ActiveCfg = Debug|Any CPU
		{FF3AFD7C-02CE-4DE7-BCB7-2226B8D8DB47}.Debug-NET40|Any CPU.Build.0 = Debug|Any CPU
		{FF3AFD7C-02CE-4DE7-BCB7-2226B8D8DB47}.Release|Any CPU.ActiveCfg = Release|Any CPU
		{FF3AFD7C-02CE-4DE7-BCB7-2226B8D8DB47}.Release|Any CPU.Build.0 = Release|Any CPU
		{FF3AFD7C-02CE-4DE7-BCB7-2226B8D8DB47}.Release-NET35|Any CPU.ActiveCfg = Release|Any CPU
		{FF3AFD7C-02CE-4DE7-BCB7-2226B8D8DB47}.Release-NET35|Any CPU.Build.0 = Release|Any CPU
		{FF3AFD7C-02CE-4DE7-BCB7-2226B8D8DB47}.Release-NET40|Any CPU.ActiveCfg = Release|Any CPU
		{FF3AFD7C-02CE-4DE7-BCB7-2226B8D8DB47}.Release-NET40|Any CPU.Build.0 = Release|Any CPU
		{FB9E7E6B-B19F-4F37-A708-2996190CEF13}.Debug|Any CPU.ActiveCfg = Debug|Any CPU
		{FB9E7E6B-B19F-4F37-A708-2996190CEF13}.Debug|Any CPU.Build.0 = Debug|Any CPU
		{FB9E7E6B-B19F-4F37-A708-2996190CEF13}.Debug-NET35|Any CPU.ActiveCfg = Debug-NET35|Any CPU
		{FB9E7E6B-B19F-4F37-A708-2996190CEF13}.Debug-NET35|Any CPU.Build.0 = Debug-NET35|Any CPU
		{FB9E7E6B-B19F-4F37-A708-2996190CEF13}.Debug-NET40|Any CPU.ActiveCfg = Debug-NET40|Any CPU
		{FB9E7E6B-B19F-4F37-A708-2996190CEF13}.Debug-NET40|Any CPU.Build.0 = Debug-NET40|Any CPU
		{FB9E7E6B-B19F-4F37-A708-2996190CEF13}.Release|Any CPU.ActiveCfg = Release|Any CPU
		{FB9E7E6B-B19F-4F37-A708-2996190CEF13}.Release|Any CPU.Build.0 = Release|Any CPU
		{FB9E7E6B-B19F-4F37-A708-2996190CEF13}.Release-NET35|Any CPU.ActiveCfg = Release-NET35|Any CPU
		{FB9E7E6B-B19F-4F37-A708-2996190CEF13}.Release-NET35|Any CPU.Build.0 = Release-NET35|Any CPU
		{FB9E7E6B-B19F-4F37-A708-2996190CEF13}.Release-NET40|Any CPU.ActiveCfg = Release-NET40|Any CPU
		{FB9E7E6B-B19F-4F37-A708-2996190CEF13}.Release-NET40|Any CPU.Build.0 = Release-NET40|Any CPU
		{91DE558C-6DB8-429B-A069-C0491DCFF15B}.Debug|Any CPU.ActiveCfg = Debug|Any CPU
		{91DE558C-6DB8-429B-A069-C0491DCFF15B}.Debug|Any CPU.Build.0 = Debug|Any CPU
		{91DE558C-6DB8-429B-A069-C0491DCFF15B}.Debug-NET35|Any CPU.ActiveCfg = Debug-NET35|Any CPU
		{91DE558C-6DB8-429B-A069-C0491DCFF15B}.Debug-NET35|Any CPU.Build.0 = Debug-NET35|Any CPU
		{91DE558C-6DB8-429B-A069-C0491DCFF15B}.Debug-NET40|Any CPU.ActiveCfg = Debug-NET40|Any CPU
		{91DE558C-6DB8-429B-A069-C0491DCFF15B}.Debug-NET40|Any CPU.Build.0 = Debug-NET40|Any CPU
		{91DE558C-6DB8-429B-A069-C0491DCFF15B}.Release|Any CPU.ActiveCfg = Release|Any CPU
		{91DE558C-6DB8-429B-A069-C0491DCFF15B}.Release|Any CPU.Build.0 = Release|Any CPU
		{91DE558C-6DB8-429B-A069-C0491DCFF15B}.Release-NET35|Any CPU.ActiveCfg = Release-NET35|Any CPU
		{91DE558C-6DB8-429B-A069-C0491DCFF15B}.Release-NET35|Any CPU.Build.0 = Release-NET35|Any CPU
		{91DE558C-6DB8-429B-A069-C0491DCFF15B}.Release-NET40|Any CPU.ActiveCfg = Release-NET40|Any CPU
		{91DE558C-6DB8-429B-A069-C0491DCFF15B}.Release-NET40|Any CPU.Build.0 = Release-NET40|Any CPU
	EndGlobalSection
	GlobalSection(SolutionProperties) = preSolution
		HideSolutionNode = FALSE
	EndGlobalSection
	GlobalSection(ExtensibilityGlobals) = postSolution
		SolutionGuid = {40EEF2DE-9676-4DF3-907F-314E875232B8}
	EndGlobalSection
EndGlobal
